
Microsoft Visual Studio Solution File, Format Version 12.00
# Visual Studio Version 16
VisualStudioVersion = 16.0.31911.196
MinimumVisualStudioVersion = 10.0.40219.1
Project("{FAE04EC0-301F-11D3-BF4B-00C04F79EFBC}") = "BulkyBookWeb", "BulkyBookWeb\BulkyBookWeb.csproj", "{9AC3454B-82A6-491D-A4B0-98B94B7DA0B5}"
EndProject
Global
	GlobalSection(SolutionConfigurationPlatforms) = preSolution
		Debug|Any CPU = Debug|Any CPU
		Release|Any CPU = Release|Any CPU
	EndGlobalSection
	GlobalSection(ProjectConfigurationPlatforms) = postSolution
		{9AC3454B-82A6-491D-A4B0-98B94B7DA0B5}.Debug|Any CPU.ActiveCfg = Debug|Any CPU
		{9AC3454B-82A6-491D-A4B0-98B94B7DA0B5}.Debug|Any CPU.Build.0 = Debug|Any CPU
		{9AC3454B-82A6-491D-A4B0-98B94B7DA0B5}.Release|Any CPU.ActiveCfg = Release|Any CPU
		{9AC3454B-82A6-491D-A4B0-98B94B7DA0B5}.Release|Any CPU.Build.0 = Release|Any CPU
	EndGlobalSection
	GlobalSection(SolutionProperties) = preSolution
		HideSolutionNode = FALSE
	EndGlobalSection
	GlobalSection(ExtensibilityGlobals) = postSolution
		SolutionGuid = {7CD07D1D-E28B-49E2-8762-D16941A92EB4}
	EndGlobalSection
EndGlobal
